
Microsoft Visual Studio Solution File, Format Version 12.00
# Visual Studio Version 16
VisualStudioVersion = 16.0.29905.134
MinimumVisualStudioVersion = 10.0.40219.1
Project("{9A19103F-16F7-4668-BE54-9A1E7A4F7556}") = "Jerrycurl.Test.Integration", "Jerrycurl.Test.Integration\Jerrycurl.Test.Integration.csproj", "{570FB4B7-01A8-4350-9793-8E27F21FF174}"
EndProject
Global
	GlobalSection(SolutionConfigurationPlatforms) = preSolution
		Debug|Any CPU = Debug|Any CPU
		Release|Any CPU = Release|Any CPU
	EndGlobalSection
	GlobalSection(ProjectConfigurationPlatforms) = postSolution
		{570FB4B7-01A8-4350-9793-8E27F21FF174}.Debug|Any CPU.ActiveCfg = Debug|Any CPU
		{570FB4B7-01A8-4350-9793-8E27F21FF174}.Debug|Any CPU.Build.0 = Debug|Any CPU
		{570FB4B7-01A8-4350-9793-8E27F21FF174}.Release|Any CPU.ActiveCfg = Release|Any CPU
		{570FB4B7-01A8-4350-9793-8E27F21FF174}.Release|Any CPU.Build.0 = Release|Any CPU
	EndGlobalSection
	GlobalSection(SolutionProperties) = preSolution
		HideSolutionNode = FALSE
	EndGlobalSection
	GlobalSection(ExtensibilityGlobals) = postSolution
		SolutionGuid = {F0E99F00-1658-46D7-85F2-09D9EA6F8E75}
	EndGlobalSection
EndGlobal
